{
  "originHash" : "2d58ff36e3680fce3a2efd3c3a542e0917b3a9201a8db05ca526f5f08f78403c",
  "pins" : [
    {
      "identity" : "alerttoast",
      "kind" : "remoteSourceControl",
      "location" : "https://github.com/elai950/AlertToast",
      "state" : {
        "revision" : "b39252eacd159904afd7d718bba0afabb87f2f2f",
        "version" : "1.3.9"
      }
    },
    {
      "identity" : "kuzco",
      "kind" : "remoteSourceControl",
      "location" : "https://github.com/jaredcassoutt/Kuzco",
      "state" : {
        "branch" : "main",
        "revision" : "fe08571f5bcc441af53ac1dc0bb4f338101304c9"
      }
    },
    {
      "identity" : "llama.cpp",
      "kind" : "remoteSourceControl",
      "location" : "https://github.com/ggerganov/llama.cpp",
      "state" : {
        "branch" : "9b75f03",
        "revision" : "9b75f03cd2ec9cc482084049d87a0f08f9f01517"
      }
    }
  ],
  "version" : 3
}
